
Microsoft Visual Studio Solution File, Format Version 12.00
# Visual Studio Version 17
VisualStudioVersion = 17.3.32825.248
MinimumVisualStudioVersion = 10.0.40219.1
Project("{9A19103F-16F7-4668-BE54-9A1E7A4F7556}") = "Lab0", "Lab0\Lab0.csproj", "{81810D49-A9EC-4AE3-B2C5-0B817EECD9B7}"
EndProject
Project("{9A19103F-16F7-4668-BE54-9A1E7A4F7556}") = "Lab0_1", "Lab0_1\Lab0_1.csproj", "{CBC6E376-4A4A-42AA-8B9D-17F5DC914C55}"
EndProject
Project("{FAE04EC0-301F-11D3-BF4B-00C04F79EFBC}") = "Lab0_2", "Lab0_2\Lab0_2.csproj", "{DE9DC334-54EF-4329-A433-ECCBD39C2F1D}"
EndProject
Global
	GlobalSection(SolutionConfigurationPlatforms) = preSolution
		Debug|Any CPU = Debug|Any CPU
		Release|Any CPU = Release|Any CPU
	EndGlobalSection
	GlobalSection(ProjectConfigurationPlatforms) = postSolution
		{81810D49-A9EC-4AE3-B2C5-0B817EECD9B7}.Debug|Any CPU.ActiveCfg = Debug|Any CPU
		{81810D49-A9EC-4AE3-B2C5-0B817EECD9B7}.Debug|Any CPU.Build.0 = Debug|Any CPU
		{81810D49-A9EC-4AE3-B2C5-0B817EECD9B7}.Release|Any CPU.ActiveCfg = Release|Any CPU
		{81810D49-A9EC-4AE3-B2C5-0B817EECD9B7}.Release|Any CPU.Build.0 = Release|Any CPU
		{CBC6E376-4A4A-42AA-8B9D-17F5DC914C55}.Debug|Any CPU.ActiveCfg = Debug|Any CPU
		{CBC6E376-4A4A-42AA-8B9D-17F5DC914C55}.Debug|Any CPU.Build.0 = Debug|Any CPU
		{CBC6E376-4A4A-42AA-8B9D-17F5DC914C55}.Release|Any CPU.ActiveCfg = Release|Any CPU
		{CBC6E376-4A4A-42AA-8B9D-17F5DC914C55}.Release|Any CPU.Build.0 = Release|Any CPU
		{DE9DC334-54EF-4329-A433-ECCBD39C2F1D}.Debug|Any CPU.ActiveCfg = Debug|Any CPU
		{DE9DC334-54EF-4329-A433-ECCBD39C2F1D}.Debug|Any CPU.Build.0 = Debug|Any CPU
		{DE9DC334-54EF-4329-A433-ECCBD39C2F1D}.Release|Any CPU.ActiveCfg = Release|Any CPU
		{DE9DC334-54EF-4329-A433-ECCBD39C2F1D}.Release|Any CPU.Build.0 = Release|Any CPU
	EndGlobalSection
	GlobalSection(SolutionProperties) = preSolution
		HideSolutionNode = FALSE
	EndGlobalSection
	GlobalSection(ExtensibilityGlobals) = postSolution
		SolutionGuid = {F7C3FAD0-A503-4059-9F6D-D3FA6E81C316}
	EndGlobalSection
EndGlobal
